
Microsoft Visual Studio Solution File, Format Version 12.00
# Visual Studio 15
VisualStudioVersion = 15.0.28307.572
MinimumVisualStudioVersion = 10.0.40219.1
Project("{FAE04EC0-301F-11D3-BF4B-00C04F79EFBC}") = "AppPOS", "AppPOS\AppPOS.csproj", "{0141B006-6239-423F-AA20-D0C7E4E415E9}"
EndProject
Global
	GlobalSection(SolutionConfigurationPlatforms) = preSolution
		Debug|Any CPU = Debug|Any CPU
		Release|Any CPU = Release|Any CPU
	EndGlobalSection
	GlobalSection(ProjectConfigurationPlatforms) = postSolution
		{0141B006-6239-423F-AA20-D0C7E4E415E9}.Debug|Any CPU.ActiveCfg = Debug|Any CPU
		{0141B006-6239-423F-AA20-D0C7E4E415E9}.Debug|Any CPU.Build.0 = Debug|Any CPU
		{0141B006-6239-423F-AA20-D0C7E4E415E9}.Release|Any CPU.ActiveCfg = Release|Any CPU
		{0141B006-6239-423F-AA20-D0C7E4E415E9}.Release|Any CPU.Build.0 = Release|Any CPU
	EndGlobalSection
	GlobalSection(SolutionProperties) = preSolution
		HideSolutionNode = FALSE
	EndGlobalSection
	GlobalSection(ExtensibilityGlobals) = postSolution
		SolutionGuid = {29C41433-D9FE-4387-B5F9-EE03853A093E}
	EndGlobalSection
EndGlobal
